{
  "lockfile_version": "1",
  "packages": {
    "nodejs@latest": {
      "last_modified": "2024-01-17T15:31:30Z",
      "resolved": "github:NixOS/nixpkgs/f36047a5a4b5631f75210859abac7f97ba1ba7a7#nodejs_21",
      "source": "devbox-search",
      "version": "21.6.0",
      "systems": {
        "aarch64-darwin": {
          "store_path": "/nix/store/21jp6aq08m7yx8qg5029pq69dsfg1rbd-nodejs-21.6.0"
        },
        "aarch64-linux": {
          "store_path": "/nix/store/l6jyw0mw8dx71f3d45pr66sjg2agidjr-nodejs-21.6.0"
        },
        "x86_64-darwin": {
          "store_path": "/nix/store/wpjx3mxwa8ldbvlf0kr0d9li9inp343n-nodejs-21.6.0"
        },
        "x86_64-linux": {
          "store_path": "/nix/store/plhc6valzwyddhjv5jc2mdvbhjxyxa84-nodejs-21.6.0"
        }
      }
    }
  }
}
